// !$*UTF8*$!
{
	archiveVersion = 1;
	classes = {
	};
	objectVersion = 56;
	objects = {

/* Begin PBXBuildFile section */
		070827002B6AB89E00D10341 /* UIColor.extension.swift in Sources */ = {isa = PBXBuildFile; fileRef = 070826FF2B6AB89E00D10341 /* UIColor.extension.swift */; };
		070827022B6AB8AE00D10341 /* UIImageView.extension.swift in Sources */ = {isa = PBXBuildFile; fileRef = 070827012B6AB8AE00D10341 /* UIImageView.extension.swift */; };
		070827052B6ABACC00D10341 /* UIView.extension.swift in Sources */ = {isa = PBXBuildFile; fileRef = 070827042B6ABACB00D10341 /* UIView.extension.swift */; };
		07514A3D2B98C69C003449AF /* FirebaseAuth in Frameworks */ = {isa = PBXBuildFile; productRef = 07514A3C2B98C69C003449AF /* FirebaseAuth */; };
		07514A432B98C69C003449AF /* FirebaseDatabase in Frameworks */ = {isa = PBXBuildFile; productRef = 07514A422B98C69C003449AF /* FirebaseDatabase */; };
		07514A492B98C69C003449AF /* FirebaseFirestore in Frameworks */ = {isa = PBXBuildFile; productRef = 07514A482B98C69C003449AF /* FirebaseFirestore */; };
		07514A632B98C69D003449AF /* FirebaseStorage in Frameworks */ = {isa = PBXBuildFile; productRef = 07514A622B98C69D003449AF /* FirebaseStorage */; };
		07514A672B98C785003449AF /* NetworkManager.swift in Sources */ = {isa = PBXBuildFile; fileRef = 07514A662B98C785003449AF /* NetworkManager.swift */; };
		075909312B6D75F800A603EA /* SearchModuleBuilder.swift in Sources */ = {isa = PBXBuildFile; fileRef = 0759092C2B6D75F800A603EA /* SearchModuleBuilder.swift */; };
		075909322B6D75F800A603EA /* SearchPresenter.swift in Sources */ = {isa = PBXBuildFile; fileRef = 0759092D2B6D75F800A603EA /* SearchPresenter.swift */; };
		075909332B6D75F800A603EA /* SearchRouter.swift in Sources */ = {isa = PBXBuildFile; fileRef = 0759092E2B6D75F800A603EA /* SearchRouter.swift */; };
		075909342B6D75F800A603EA /* SearchViewController.swift in Sources */ = {isa = PBXBuildFile; fileRef = 0759092F2B6D75F800A603EA /* SearchViewController.swift */; };
		075909352B6D75F800A603EA /* SearchInteractor.swift in Sources */ = {isa = PBXBuildFile; fileRef = 075909302B6D75F800A603EA /* SearchInteractor.swift */; };
		0760B8562B9AD86C006CFFF5 /* StorageManager.swift in Sources */ = {isa = PBXBuildFile; fileRef = 0760B8552B9AD86C006CFFF5 /* StorageManager.swift */; };
		0760B8582B9AE20E006CFFF5 /* User.swift in Sources */ = {isa = PBXBuildFile; fileRef = 0760B8572B9AE20E006CFFF5 /* User.swift */; };
		0760B85B2B9AE416006CFFF5 /* FirebaseFirestoreSwift in Frameworks */ = {isa = PBXBuildFile; productRef = 0760B85A2B9AE416006CFFF5 /* FirebaseFirestoreSwift */; };
		07773D252B8FE7FF00483A08 /* LoginModuleBuilder.swift in Sources */ = {isa = PBXBuildFile; fileRef = 07773D202B8FE7FF00483A08 /* LoginModuleBuilder.swift */; };
		07773D262B8FE7FF00483A08 /* LoginPresenter.swift in Sources */ = {isa = PBXBuildFile; fileRef = 07773D212B8FE7FF00483A08 /* LoginPresenter.swift */; };
		07773D272B8FE7FF00483A08 /* LoginRouter.swift in Sources */ = {isa = PBXBuildFile; fileRef = 07773D222B8FE7FF00483A08 /* LoginRouter.swift */; };
		07773D282B8FE7FF00483A08 /* LoginViewController.swift in Sources */ = {isa = PBXBuildFile; fileRef = 07773D232B8FE7FF00483A08 /* LoginViewController.swift */; };
		07773D292B8FE7FF00483A08 /* LoginInteractor.swift in Sources */ = {isa = PBXBuildFile; fileRef = 07773D242B8FE7FF00483A08 /* LoginInteractor.swift */; };
		07773D2B2B8FEDF700483A08 /* UITextField.extension.swift in Sources */ = {isa = PBXBuildFile; fileRef = 07773D2A2B8FEDF700483A08 /* UITextField.extension.swift */; };
		07773D322B8FFC9400483A08 /* RegisterModuleBuilder.swift in Sources */ = {isa = PBXBuildFile; fileRef = 07773D2D2B8FFC9400483A08 /* RegisterModuleBuilder.swift */; };
		07773D332B8FFC9400483A08 /* RegisterPresenter.swift in Sources */ = {isa = PBXBuildFile; fileRef = 07773D2E2B8FFC9400483A08 /* RegisterPresenter.swift */; };
		07773D352B8FFC9400483A08 /* RegisterViewController.swift in Sources */ = {isa = PBXBuildFile; fileRef = 07773D302B8FFC9400483A08 /* RegisterViewController.swift */; };
		07773D362B8FFC9400483A08 /* RegisterInteractor.swift in Sources */ = {isa = PBXBuildFile; fileRef = 07773D312B8FFC9400483A08 /* RegisterInteractor.swift */; };
		077E03FC2B6D48A100FA6DA4 /* Content.swift in Sources */ = {isa = PBXBuildFile; fileRef = 077E03FB2B6D48A100FA6DA4 /* Content.swift */; };
		077E03FE2B6D48B400FA6DA4 /* Filter.swift in Sources */ = {isa = PBXBuildFile; fileRef = 077E03FD2B6D48B400FA6DA4 /* Filter.swift */; };
		07946FD22B651A53001C4E7F /* ProfileModuleBuilder.swift in Sources */ = {isa = PBXBuildFile; fileRef = 07946FCD2B651A53001C4E7F /* ProfileModuleBuilder.swift */; };
		07946FD32B651A53001C4E7F /* ProfilePresenter.swift in Sources */ = {isa = PBXBuildFile; fileRef = 07946FCE2B651A53001C4E7F /* ProfilePresenter.swift */; };
		07946FD42B651A53001C4E7F /* ProfileRouter.swift in Sources */ = {isa = PBXBuildFile; fileRef = 07946FCF2B651A53001C4E7F /* ProfileRouter.swift */; };
		07946FD52B651A53001C4E7F /* ProfileViewController.swift in Sources */ = {isa = PBXBuildFile; fileRef = 07946FD02B651A53001C4E7F /* ProfileViewController.swift */; };
		07946FD62B651A53001C4E7F /* ProfileInteractor.swift in Sources */ = {isa = PBXBuildFile; fileRef = 07946FD12B651A53001C4E7F /* ProfileInteractor.swift */; };
		07946FDD2B651B6C001C4E7F /* TabBarModuleBuilder.swift in Sources */ = {isa = PBXBuildFile; fileRef = 07946FD82B651B6C001C4E7F /* TabBarModuleBuilder.swift */; };
		07946FE02B651B6C001C4E7F /* TabBarController.swift in Sources */ = {isa = PBXBuildFile; fileRef = 07946FDB2B651B6C001C4E7F /* TabBarController.swift */; };
		0797AAE32B91DD0400AF9E78 /* Shuffle in Frameworks */ = {isa = PBXBuildFile; productRef = 0797AAE22B91DD0400AF9E78 /* Shuffle */; };
		07B025FA2B98C2D2004C303B /* GoogleService-Info.plist in Resources */ = {isa = PBXBuildFile; fileRef = 07B025F92B98C2D2004C303B /* GoogleService-Info.plist */; };
		07CEF24C2B623CD700BF88BD /* AppDelegate.swift in Sources */ = {isa = PBXBuildFile; fileRef = 07CEF24B2B623CD700BF88BD /* AppDelegate.swift */; };
		07CEF24E2B623CD700BF88BD /* SceneDelegate.swift in Sources */ = {isa = PBXBuildFile; fileRef = 07CEF24D2B623CD700BF88BD /* SceneDelegate.swift */; };
		07CEF2552B623CDA00BF88BD /* Assets.xcassets in Resources */ = {isa = PBXBuildFile; fileRef = 07CEF2542B623CDA00BF88BD /* Assets.xcassets */; };
		07CEF2582B623CDA00BF88BD /* LaunchScreen.storyboard in Resources */ = {isa = PBXBuildFile; fileRef = 07CEF2562B623CDA00BF88BD /* LaunchScreen.storyboard */; };
		07E04D7B2B6585E900F9867F /* ApiManager.swift in Sources */ = {isa = PBXBuildFile; fileRef = 07E04D7A2B6585E900F9867F /* ApiManager.swift */; };
		07E04D7D2B65920300F9867F /* Films.swift in Sources */ = {isa = PBXBuildFile; fileRef = 07E04D7C2B65920300F9867F /* Films.swift */; };
		07ED003B2B63F70B00F0A143 /* GeneralModuleBuilder.swift in Sources */ = {isa = PBXBuildFile; fileRef = 07ED00362B63F70B00F0A143 /* GeneralModuleBuilder.swift */; };
		07ED003C2B63F70B00F0A143 /* GeneralPresenter.swift in Sources */ = {isa = PBXBuildFile; fileRef = 07ED00372B63F70B00F0A143 /* GeneralPresenter.swift */; };
		07ED003D2B63F70B00F0A143 /* GeneralRouter.swift in Sources */ = {isa = PBXBuildFile; fileRef = 07ED00382B63F70B00F0A143 /* GeneralRouter.swift */; };
		07ED003E2B63F70B00F0A143 /* GeneralViewController.swift in Sources */ = {isa = PBXBuildFile; fileRef = 07ED00392B63F70B00F0A143 /* GeneralViewController.swift */; };
		07ED003F2B63F70B00F0A143 /* GeneralInteractor.swift in Sources */ = {isa = PBXBuildFile; fileRef = 07ED003A2B63F70B00F0A143 /* GeneralInteractor.swift */; };
		07ED00432B640E2700F0A143 /* ThemeColor.swift in Sources */ = {isa = PBXBuildFile; fileRef = 07ED00422B640E2700F0A143 /* ThemeColor.swift */; };
		07F6DD8C2B6BF177001F9DB3 /* FiltersModuleBuilder.swift in Sources */ = {isa = PBXBuildFile; fileRef = 07F6DD872B6BF177001F9DB3 /* FiltersModuleBuilder.swift */; };
		07F6DD8D2B6BF177001F9DB3 /* FiltersPresenter.swift in Sources */ = {isa = PBXBuildFile; fileRef = 07F6DD882B6BF177001F9DB3 /* FiltersPresenter.swift */; };
		07F6DD8E2B6BF177001F9DB3 /* FiltersRouter.swift in Sources */ = {isa = PBXBuildFile; fileRef = 07F6DD892B6BF177001F9DB3 /* FiltersRouter.swift */; };
		07F6DD8F2B6BF177001F9DB3 /* FiltersViewController.swift in Sources */ = {isa = PBXBuildFile; fileRef = 07F6DD8A2B6BF177001F9DB3 /* FiltersViewController.swift */; };
		07F6DD932B6C2A8B001F9DB3 /* MultiSlider in Frameworks */ = {isa = PBXBuildFile; productRef = 07F6DD922B6C2A8B001F9DB3 /* MultiSlider */; };
/* End PBXBuildFile section */

/* Begin PBXFileReference section */
		070826FF2B6AB89E00D10341 /* UIColor.extension.swift */ = {isa = PBXFileReference; lastKnownFileType = sourcecode.swift; path = UIColor.extension.swift; sourceTree = "<group>"; };
		070827012B6AB8AE00D10341 /* UIImageView.extension.swift */ = {isa = PBXFileReference; lastKnownFileType = sourcecode.swift; path = UIImageView.extension.swift; sourceTree = "<group>"; };
		070827042B6ABACB00D10341 /* UIView.extension.swift */ = {isa = PBXFileReference; lastKnownFileType = sourcecode.swift; path = UIView.extension.swift; sourceTree = "<group>"; };
		07514A662B98C785003449AF /* NetworkManager.swift */ = {isa = PBXFileReference; lastKnownFileType = sourcecode.swift; path = NetworkManager.swift; sourceTree = "<group>"; };
		0759092C2B6D75F800A603EA /* SearchModuleBuilder.swift */ = {isa = PBXFileReference; lastKnownFileType = sourcecode.swift; path = SearchModuleBuilder.swift; sourceTree = "<group>"; };
		0759092D2B6D75F800A603EA /* SearchPresenter.swift */ = {isa = PBXFileReference; lastKnownFileType = sourcecode.swift; path = SearchPresenter.swift; sourceTree = "<group>"; };
		0759092E2B6D75F800A603EA /* SearchRouter.swift */ = {isa = PBXFileReference; lastKnownFileType = sourcecode.swift; path = SearchRouter.swift; sourceTree = "<group>"; };
		0759092F2B6D75F800A603EA /* SearchViewController.swift */ = {isa = PBXFileReference; lastKnownFileType = sourcecode.swift; path = SearchViewController.swift; sourceTree = "<group>"; };
		075909302B6D75F800A603EA /* SearchInteractor.swift */ = {isa = PBXFileReference; lastKnownFileType = sourcecode.swift; path = SearchInteractor.swift; sourceTree = "<group>"; };
		0760B8552B9AD86C006CFFF5 /* StorageManager.swift */ = {isa = PBXFileReference; lastKnownFileType = sourcecode.swift; path = StorageManager.swift; sourceTree = "<group>"; };
		0760B8572B9AE20E006CFFF5 /* User.swift */ = {isa = PBXFileReference; lastKnownFileType = sourcecode.swift; path = User.swift; sourceTree = "<group>"; };
		07773D202B8FE7FF00483A08 /* LoginModuleBuilder.swift */ = {isa = PBXFileReference; lastKnownFileType = sourcecode.swift; path = LoginModuleBuilder.swift; sourceTree = "<group>"; };
		07773D212B8FE7FF00483A08 /* LoginPresenter.swift */ = {isa = PBXFileReference; lastKnownFileType = sourcecode.swift; path = LoginPresenter.swift; sourceTree = "<group>"; };
		07773D222B8FE7FF00483A08 /* LoginRouter.swift */ = {isa = PBXFileReference; lastKnownFileType = sourcecode.swift; path = LoginRouter.swift; sourceTree = "<group>"; };
		07773D232B8FE7FF00483A08 /* LoginViewController.swift */ = {isa = PBXFileReference; lastKnownFileType = sourcecode.swift; path = LoginViewController.swift; sourceTree = "<group>"; };
		07773D242B8FE7FF00483A08 /* LoginInteractor.swift */ = {isa = PBXFileReference; lastKnownFileType = sourcecode.swift; path = LoginInteractor.swift; sourceTree = "<group>"; };
		07773D2A2B8FEDF700483A08 /* UITextField.extension.swift */ = {isa = PBXFileReference; lastKnownFileType = sourcecode.swift; path = UITextField.extension.swift; sourceTree = "<group>"; };
		07773D2D2B8FFC9400483A08 /* RegisterModuleBuilder.swift */ = {isa = PBXFileReference; lastKnownFileType = sourcecode.swift; path = RegisterModuleBuilder.swift; sourceTree = "<group>"; };
		07773D2E2B8FFC9400483A08 /* RegisterPresenter.swift */ = {isa = PBXFileReference; lastKnownFileType = sourcecode.swift; path = RegisterPresenter.swift; sourceTree = "<group>"; };
		07773D302B8FFC9400483A08 /* RegisterViewController.swift */ = {isa = PBXFileReference; lastKnownFileType = sourcecode.swift; path = RegisterViewController.swift; sourceTree = "<group>"; };
		07773D312B8FFC9400483A08 /* RegisterInteractor.swift */ = {isa = PBXFileReference; lastKnownFileType = sourcecode.swift; path = RegisterInteractor.swift; sourceTree = "<group>"; };
		077E03FB2B6D48A100FA6DA4 /* Content.swift */ = {isa = PBXFileReference; lastKnownFileType = sourcecode.swift; path = Content.swift; sourceTree = "<group>"; };
		077E03FD2B6D48B400FA6DA4 /* Filter.swift */ = {isa = PBXFileReference; lastKnownFileType = sourcecode.swift; path = Filter.swift; sourceTree = "<group>"; };
		07946FCD2B651A53001C4E7F /* ProfileModuleBuilder.swift */ = {isa = PBXFileReference; lastKnownFileType = sourcecode.swift; path = ProfileModuleBuilder.swift; sourceTree = "<group>"; };
		07946FCE2B651A53001C4E7F /* ProfilePresenter.swift */ = {isa = PBXFileReference; lastKnownFileType = sourcecode.swift; path = ProfilePresenter.swift; sourceTree = "<group>"; };
		07946FCF2B651A53001C4E7F /* ProfileRouter.swift */ = {isa = PBXFileReference; lastKnownFileType = sourcecode.swift; path = ProfileRouter.swift; sourceTree = "<group>"; };
		07946FD02B651A53001C4E7F /* ProfileViewController.swift */ = {isa = PBXFileReference; lastKnownFileType = sourcecode.swift; path = ProfileViewController.swift; sourceTree = "<group>"; };
		07946FD12B651A53001C4E7F /* ProfileInteractor.swift */ = {isa = PBXFileReference; lastKnownFileType = sourcecode.swift; path = ProfileInteractor.swift; sourceTree = "<group>"; };
		07946FD82B651B6C001C4E7F /* TabBarModuleBuilder.swift */ = {isa = PBXFileReference; lastKnownFileType = sourcecode.swift; path = TabBarModuleBuilder.swift; sourceTree = "<group>"; };
		07946FDB2B651B6C001C4E7F /* TabBarController.swift */ = {isa = PBXFileReference; lastKnownFileType = sourcecode.swift; path = TabBarController.swift; sourceTree = "<group>"; };
		07B025F92B98C2D2004C303B /* GoogleService-Info.plist */ = {isa = PBXFileReference; fileEncoding = 4; lastKnownFileType = text.plist.xml; path = "GoogleService-Info.plist"; sourceTree = "<group>"; };
		07CEF2482B623CD700BF88BD /* Pickreel.app */ = {isa = PBXFileReference; explicitFileType = wrapper.application; includeInIndex = 0; path = Pickreel.app; sourceTree = BUILT_PRODUCTS_DIR; };
		07CEF24B2B623CD700BF88BD /* AppDelegate.swift */ = {isa = PBXFileReference; lastKnownFileType = sourcecode.swift; path = AppDelegate.swift; sourceTree = "<group>"; };
		07CEF24D2B623CD700BF88BD /* SceneDelegate.swift */ = {isa = PBXFileReference; lastKnownFileType = sourcecode.swift; path = SceneDelegate.swift; sourceTree = "<group>"; };
		07CEF2542B623CDA00BF88BD /* Assets.xcassets */ = {isa = PBXFileReference; lastKnownFileType = folder.assetcatalog; path = Assets.xcassets; sourceTree = "<group>"; };
		07CEF2572B623CDA00BF88BD /* Base */ = {isa = PBXFileReference; lastKnownFileType = file.storyboard; name = Base; path = Base.lproj/LaunchScreen.storyboard; sourceTree = "<group>"; };
		07CEF2592B623CDA00BF88BD /* Info.plist */ = {isa = PBXFileReference; lastKnownFileType = text.plist.xml; path = Info.plist; sourceTree = "<group>"; };
		07E04D7A2B6585E900F9867F /* ApiManager.swift */ = {isa = PBXFileReference; lastKnownFileType = sourcecode.swift; path = ApiManager.swift; sourceTree = "<group>"; };
		07E04D7C2B65920300F9867F /* Films.swift */ = {isa = PBXFileReference; lastKnownFileType = sourcecode.swift; path = Films.swift; sourceTree = "<group>"; };
		07ED00362B63F70B00F0A143 /* GeneralModuleBuilder.swift */ = {isa = PBXFileReference; lastKnownFileType = sourcecode.swift; path = GeneralModuleBuilder.swift; sourceTree = "<group>"; };
		07ED00372B63F70B00F0A143 /* GeneralPresenter.swift */ = {isa = PBXFileReference; lastKnownFileType = sourcecode.swift; path = GeneralPresenter.swift; sourceTree = "<group>"; };
		07ED00382B63F70B00F0A143 /* GeneralRouter.swift */ = {isa = PBXFileReference; lastKnownFileType = sourcecode.swift; path = GeneralRouter.swift; sourceTree = "<group>"; };
		07ED00392B63F70B00F0A143 /* GeneralViewController.swift */ = {isa = PBXFileReference; lastKnownFileType = sourcecode.swift; path = GeneralViewController.swift; sourceTree = "<group>"; };
		07ED003A2B63F70B00F0A143 /* GeneralInteractor.swift */ = {isa = PBXFileReference; lastKnownFileType = sourcecode.swift; path = GeneralInteractor.swift; sourceTree = "<group>"; };
		07ED00422B640E2700F0A143 /* ThemeColor.swift */ = {isa = PBXFileReference; lastKnownFileType = sourcecode.swift; path = ThemeColor.swift; sourceTree = "<group>"; };
		07F6DD872B6BF177001F9DB3 /* FiltersModuleBuilder.swift */ = {isa = PBXFileReference; lastKnownFileType = sourcecode.swift; path = FiltersModuleBuilder.swift; sourceTree = "<group>"; };
		07F6DD882B6BF177001F9DB3 /* FiltersPresenter.swift */ = {isa = PBXFileReference; lastKnownFileType = sourcecode.swift; path = FiltersPresenter.swift; sourceTree = "<group>"; };
		07F6DD892B6BF177001F9DB3 /* FiltersRouter.swift */ = {isa = PBXFileReference; lastKnownFileType = sourcecode.swift; path = FiltersRouter.swift; sourceTree = "<group>"; };
		07F6DD8A2B6BF177001F9DB3 /* FiltersViewController.swift */ = {isa = PBXFileReference; lastKnownFileType = sourcecode.swift; path = FiltersViewController.swift; sourceTree = "<group>"; };
/* End PBXFileReference section */

/* Begin PBXFrameworksBuildPhase section */
		07CEF2452B623CD700BF88BD /* Frameworks */ = {
			isa = PBXFrameworksBuildPhase;
			buildActionMask = 2147483647;
			files = (
				0797AAE32B91DD0400AF9E78 /* Shuffle in Frameworks */,
				07F6DD932B6C2A8B001F9DB3 /* MultiSlider in Frameworks */,
				07514A3D2B98C69C003449AF /* FirebaseAuth in Frameworks */,
				0760B85B2B9AE416006CFFF5 /* FirebaseFirestoreSwift in Frameworks */,
				07514A492B98C69C003449AF /* FirebaseFirestore in Frameworks */,
				07514A432B98C69C003449AF /* FirebaseDatabase in Frameworks */,
				07514A632B98C69D003449AF /* FirebaseStorage in Frameworks */,
			);
			runOnlyForDeploymentPostprocessing = 0;
		};
/* End PBXFrameworksBuildPhase section */

/* Begin PBXGroup section */
		070826FE2B6AB88300D10341 /* Extensions */ = {
			isa = PBXGroup;
			children = (
				070826FF2B6AB89E00D10341 /* UIColor.extension.swift */,
				070827012B6AB8AE00D10341 /* UIImageView.extension.swift */,
				070827042B6ABACB00D10341 /* UIView.extension.swift */,
				07773D2A2B8FEDF700483A08 /* UITextField.extension.swift */,
			);
			path = Extensions;
			sourceTree = "<group>";
		};
		0759092B2B6D748700A603EA /* Search */ = {
			isa = PBXGroup;
			children = (
				0759092C2B6D75F800A603EA /* SearchModuleBuilder.swift */,
				0759092D2B6D75F800A603EA /* SearchPresenter.swift */,
				0759092E2B6D75F800A603EA /* SearchRouter.swift */,
				0759092F2B6D75F800A603EA /* SearchViewController.swift */,
				075909302B6D75F800A603EA /* SearchInteractor.swift */,
			);
			path = Search;
			sourceTree = "<group>";
		};
		0760B8542B9AD84F006CFFF5 /* Storage */ = {
			isa = PBXGroup;
			children = (
				0760B8552B9AD86C006CFFF5 /* StorageManager.swift */,
			);
			path = Storage;
			sourceTree = "<group>";
		};
		0760B8592B9AE416006CFFF5 /* Frameworks */ = {
			isa = PBXGroup;
			children = (
			);
			name = Frameworks;
			sourceTree = "<group>";
		};
		07773D1F2B8FE7D100483A08 /* Login */ = {
			isa = PBXGroup;
			children = (
				07773D202B8FE7FF00483A08 /* LoginModuleBuilder.swift */,
				07773D212B8FE7FF00483A08 /* LoginPresenter.swift */,
				07773D222B8FE7FF00483A08 /* LoginRouter.swift */,
				07773D232B8FE7FF00483A08 /* LoginViewController.swift */,
				07773D242B8FE7FF00483A08 /* LoginInteractor.swift */,
			);
			path = Login;
			sourceTree = "<group>";
		};
		07773D2C2B8FFC2F00483A08 /* Register */ = {
			isa = PBXGroup;
			children = (
				07773D2D2B8FFC9400483A08 /* RegisterModuleBuilder.swift */,
				07773D2E2B8FFC9400483A08 /* RegisterPresenter.swift */,
				07773D302B8FFC9400483A08 /* RegisterViewController.swift */,
				07773D312B8FFC9400483A08 /* RegisterInteractor.swift */,
			);
			path = Register;
			sourceTree = "<group>";
		};
		077E03FA2B6D488400FA6DA4 /* Models */ = {
			isa = PBXGroup;
			children = (
				077E03FB2B6D48A100FA6DA4 /* Content.swift */,
				077E03FD2B6D48B400FA6DA4 /* Filter.swift */,
			);
			path = Models;
			sourceTree = "<group>";
		};
		078016C02B63F58100DCAF55 /* API */ = {
			isa = PBXGroup;
			children = (
				07E04D792B6585C700F9867F /* Models */,
				07E04D782B6585C000F9867F /* Services */,
			);
			path = API;
			sourceTree = "<group>";
		};
		078016C12B63F5B900DCAF55 /* General */ = {
			isa = PBXGroup;
			children = (
				07ED00362B63F70B00F0A143 /* GeneralModuleBuilder.swift */,
				07ED00372B63F70B00F0A143 /* GeneralPresenter.swift */,
				07ED00382B63F70B00F0A143 /* GeneralRouter.swift */,
				07ED00392B63F70B00F0A143 /* GeneralViewController.swift */,
				07ED003A2B63F70B00F0A143 /* GeneralInteractor.swift */,
			);
			path = General;
			sourceTree = "<group>";
		};
		07946FCC2B651A06001C4E7F /* Profile */ = {
			isa = PBXGroup;
			children = (
				07946FCD2B651A53001C4E7F /* ProfileModuleBuilder.swift */,
				07946FCE2B651A53001C4E7F /* ProfilePresenter.swift */,
				07946FCF2B651A53001C4E7F /* ProfileRouter.swift */,
				07946FD02B651A53001C4E7F /* ProfileViewController.swift */,
				07946FD12B651A53001C4E7F /* ProfileInteractor.swift */,
			);
			path = Profile;
			sourceTree = "<group>";
		};
		07946FD72B651B31001C4E7F /* TabBar */ = {
			isa = PBXGroup;
			children = (
				07946FD82B651B6C001C4E7F /* TabBarModuleBuilder.swift */,
				07946FDB2B651B6C001C4E7F /* TabBarController.swift */,
			);
			path = TabBar;
			sourceTree = "<group>";
		};
		07CEF23F2B623CD700BF88BD = {
			isa = PBXGroup;
			children = (
				07CEF24A2B623CD700BF88BD /* Pickreel */,
				07CEF2492B623CD700BF88BD /* Products */,
				0760B8592B9AE416006CFFF5 /* Frameworks */,
			);
			sourceTree = "<group>";
		};
		07CEF2492B623CD700BF88BD /* Products */ = {
			isa = PBXGroup;
			children = (
				07CEF2482B623CD700BF88BD /* Pickreel.app */,
			);
			name = Products;
			sourceTree = "<group>";
		};
		07CEF24A2B623CD700BF88BD /* Pickreel */ = {
			isa = PBXGroup;
			children = (
				078016C12B63F5B900DCAF55 /* General */,
				07773D1F2B8FE7D100483A08 /* Login */,
				07773D2C2B8FFC2F00483A08 /* Register */,
				0759092B2B6D748700A603EA /* Search */,
				07946FCC2B651A06001C4E7F /* Profile */,
				07F6DD862B6BF161001F9DB3 /* Filters */,
				07946FD72B651B31001C4E7F /* TabBar */,
				077E03FA2B6D488400FA6DA4 /* Models */,
				0760B8542B9AD84F006CFFF5 /* Storage */,
				078016C02B63F58100DCAF55 /* API */,
				07D1BD2B2B62425A004DED7E /* Application */,
				070826FE2B6AB88300D10341 /* Extensions */,
				07D1BD2C2B624268004DED7E /* Resources */,
			);
			path = Pickreel;
			sourceTree = "<group>";
		};
		07D1BD2B2B62425A004DED7E /* Application */ = {
			isa = PBXGroup;
			children = (
				07CEF24B2B623CD700BF88BD /* AppDelegate.swift */,
				07CEF24D2B623CD700BF88BD /* SceneDelegate.swift */,
			);
			path = Application;
			sourceTree = "<group>";
		};
		07D1BD2C2B624268004DED7E /* Resources */ = {
			isa = PBXGroup;
			children = (
				07B025F92B98C2D2004C303B /* GoogleService-Info.plist */,
				07CEF2542B623CDA00BF88BD /* Assets.xcassets */,
				07CEF2592B623CDA00BF88BD /* Info.plist */,
				07CEF2562B623CDA00BF88BD /* LaunchScreen.storyboard */,
				07ED00422B640E2700F0A143 /* ThemeColor.swift */,
			);
			path = Resources;
			sourceTree = "<group>";
		};
		07E04D782B6585C000F9867F /* Services */ = {
			isa = PBXGroup;
			children = (
				07E04D7A2B6585E900F9867F /* ApiManager.swift */,
				07514A662B98C785003449AF /* NetworkManager.swift */,
			);
			path = Services;
			sourceTree = "<group>";
		};
		07E04D792B6585C700F9867F /* Models */ = {
			isa = PBXGroup;
			children = (
				07E04D7C2B65920300F9867F /* Films.swift */,
				0760B8572B9AE20E006CFFF5 /* User.swift */,
			);
			path = Models;
			sourceTree = "<group>";
		};
		07F6DD862B6BF161001F9DB3 /* Filters */ = {
			isa = PBXGroup;
			children = (
				07F6DD872B6BF177001F9DB3 /* FiltersModuleBuilder.swift */,
				07F6DD882B6BF177001F9DB3 /* FiltersPresenter.swift */,
				07F6DD892B6BF177001F9DB3 /* FiltersRouter.swift */,
				07F6DD8A2B6BF177001F9DB3 /* FiltersViewController.swift */,
			);
			path = Filters;
			sourceTree = "<group>";
		};
/* End PBXGroup section */

/* Begin PBXNativeTarget section */
		07CEF2472B623CD700BF88BD /* Pickreel */ = {
			isa = PBXNativeTarget;
			buildConfigurationList = 07CEF25C2B623CDA00BF88BD /* Build configuration list for PBXNativeTarget "Pickreel" */;
			buildPhases = (
				07CEF2442B623CD700BF88BD /* Sources */,
				07CEF2452B623CD700BF88BD /* Frameworks */,
				07CEF2462B623CD700BF88BD /* Resources */,
			);
			buildRules = (
			);
			dependencies = (
			);
			name = Pickreel;
			packageProductDependencies = (
				07F6DD922B6C2A8B001F9DB3 /* MultiSlider */,
				0797AAE22B91DD0400AF9E78 /* Shuffle */,
				07514A3C2B98C69C003449AF /* FirebaseAuth */,
				07514A422B98C69C003449AF /* FirebaseDatabase */,
				07514A482B98C69C003449AF /* FirebaseFirestore */,
				07514A622B98C69D003449AF /* FirebaseStorage */,
				0760B85A2B9AE416006CFFF5 /* FirebaseFirestoreSwift */,
			);
			productName = Pickreel;
			productReference = 07CEF2482B623CD700BF88BD /* Pickreel.app */;
			productType = "com.apple.product-type.application";
		};
/* End PBXNativeTarget section */

/* Begin PBXProject section */
		07CEF2402B623CD700BF88BD /* Project object */ = {
			isa = PBXProject;
			attributes = {
				BuildIndependentTargetsInParallel = 1;
				LastSwiftUpdateCheck = 1500;
				LastUpgradeCheck = 1500;
				TargetAttributes = {
					07CEF2472B623CD700BF88BD = {
						CreatedOnToolsVersion = 15.0.1;
					};
				};
			};
			buildConfigurationList = 07CEF2432B623CD700BF88BD /* Build configuration list for PBXProject "Pickreel" */;
			compatibilityVersion = "Xcode 14.0";
			developmentRegion = en;
			hasScannedForEncodings = 0;
			knownRegions = (
				en,
				Base,
			);
			mainGroup = 07CEF23F2B623CD700BF88BD;
			packageReferences = (
				07F6DD912B6C2A8B001F9DB3 /* XCRemoteSwiftPackageReference "MultiSlider" */,
				0797AAE12B91DD0400AF9E78 /* XCRemoteSwiftPackageReference "Shuffle" */,
				07514A2F2B98C69C003449AF /* XCRemoteSwiftPackageReference "firebase-ios-sdk" */,
			);
			productRefGroup = 07CEF2492B623CD700BF88BD /* Products */;
			projectDirPath = "";
			projectRoot = "";
			targets = (
				07CEF2472B623CD700BF88BD /* Pickreel */,
			);
		};
/* End PBXProject section */

/* Begin PBXResourcesBuildPhase section */
		07CEF2462B623CD700BF88BD /* Resources */ = {
			isa = PBXResourcesBuildPhase;
			buildActionMask = 2147483647;
			files = (
				07CEF2582B623CDA00BF88BD /* LaunchScreen.storyboard in Resources */,
				07CEF2552B623CDA00BF88BD /* Assets.xcassets in Resources */,
				07B025FA2B98C2D2004C303B /* GoogleService-Info.plist in Resources */,
			);
			runOnlyForDeploymentPostprocessing = 0;
		};
/* End PBXResourcesBuildPhase section */

/* Begin PBXSourcesBuildPhase section */
		07CEF2442B623CD700BF88BD /* Sources */ = {
			isa = PBXSourcesBuildPhase;
			buildActionMask = 2147483647;
			files = (
				075909342B6D75F800A603EA /* SearchViewController.swift in Sources */,
				070827002B6AB89E00D10341 /* UIColor.extension.swift in Sources */,
				07E04D7B2B6585E900F9867F /* ApiManager.swift in Sources */,
				07946FD22B651A53001C4E7F /* ProfileModuleBuilder.swift in Sources */,
				07F6DD8C2B6BF177001F9DB3 /* FiltersModuleBuilder.swift in Sources */,
				075909332B6D75F800A603EA /* SearchRouter.swift in Sources */,
				07773D272B8FE7FF00483A08 /* LoginRouter.swift in Sources */,
				07773D332B8FFC9400483A08 /* RegisterPresenter.swift in Sources */,
				07ED003B2B63F70B00F0A143 /* GeneralModuleBuilder.swift in Sources */,
				07773D292B8FE7FF00483A08 /* LoginInteractor.swift in Sources */,
				07ED00432B640E2700F0A143 /* ThemeColor.swift in Sources */,
				075909322B6D75F800A603EA /* SearchPresenter.swift in Sources */,
				077E03FC2B6D48A100FA6DA4 /* Content.swift in Sources */,
				07F6DD8E2B6BF177001F9DB3 /* FiltersRouter.swift in Sources */,
				07ED003E2B63F70B00F0A143 /* GeneralViewController.swift in Sources */,
				07773D362B8FFC9400483A08 /* RegisterInteractor.swift in Sources */,
				07773D352B8FFC9400483A08 /* RegisterViewController.swift in Sources */,
				075909312B6D75F800A603EA /* SearchModuleBuilder.swift in Sources */,
				07ED003D2B63F70B00F0A143 /* GeneralRouter.swift in Sources */,
				07ED003F2B63F70B00F0A143 /* GeneralInteractor.swift in Sources */,
				07773D262B8FE7FF00483A08 /* LoginPresenter.swift in Sources */,
				07946FD52B651A53001C4E7F /* ProfileViewController.swift in Sources */,
				070827052B6ABACC00D10341 /* UIView.extension.swift in Sources */,
				0760B8582B9AE20E006CFFF5 /* User.swift in Sources */,
				07773D322B8FFC9400483A08 /* RegisterModuleBuilder.swift in Sources */,
				07ED003C2B63F70B00F0A143 /* GeneralPresenter.swift in Sources */,
				07F6DD8D2B6BF177001F9DB3 /* FiltersPresenter.swift in Sources */,
				07946FE02B651B6C001C4E7F /* TabBarController.swift in Sources */,
				07CEF24C2B623CD700BF88BD /* AppDelegate.swift in Sources */,
				07946FD32B651A53001C4E7F /* ProfilePresenter.swift in Sources */,
				07946FD62B651A53001C4E7F /* ProfileInteractor.swift in Sources */,
				07773D2B2B8FEDF700483A08 /* UITextField.extension.swift in Sources */,
				07E04D7D2B65920300F9867F /* Films.swift in Sources */,
				07946FDD2B651B6C001C4E7F /* TabBarModuleBuilder.swift in Sources */,
				07773D252B8FE7FF00483A08 /* LoginModuleBuilder.swift in Sources */,
				0760B8562B9AD86C006CFFF5 /* StorageManager.swift in Sources */,
				07773D282B8FE7FF00483A08 /* LoginViewController.swift in Sources */,
				07CEF24E2B623CD700BF88BD /* SceneDelegate.swift in Sources */,
				07946FD42B651A53001C4E7F /* ProfileRouter.swift in Sources */,
				075909352B6D75F800A603EA /* SearchInteractor.swift in Sources */,
				07F6DD8F2B6BF177001F9DB3 /* FiltersViewController.swift in Sources */,
				077E03FE2B6D48B400FA6DA4 /* Filter.swift in Sources */,
				07514A672B98C785003449AF /* NetworkManager.swift in Sources */,
				070827022B6AB8AE00D10341 /* UIImageView.extension.swift in Sources */,
			);
			runOnlyForDeploymentPostprocessing = 0;
		};
/* End PBXSourcesBuildPhase section */

/* Begin PBXVariantGroup section */
		07CEF2562B623CDA00BF88BD /* LaunchScreen.storyboard */ = {
			isa = PBXVariantGroup;
			children = (
				07CEF2572B623CDA00BF88BD /* Base */,
			);
			name = LaunchScreen.storyboard;
			sourceTree = "<group>";
		};
/* End PBXVariantGroup section */

/* Begin XCBuildConfiguration section */
		07CEF25A2B623CDA00BF88BD /* Debug */ = {
			isa = XCBuildConfiguration;
			buildSettings = {
				ALWAYS_SEARCH_USER_PATHS = NO;
				ASSETCATALOG_COMPILER_GENERATE_SWIFT_ASSET_SYMBOL_EXTENSIONS = YES;
				CLANG_ANALYZER_NONNULL = YES;
				CLANG_ANALYZER_NUMBER_OBJECT_CONVERSION = YES_AGGRESSIVE;
				CLANG_CXX_LANGUAGE_STANDARD = "gnu++20";
				CLANG_ENABLE_MODULES = YES;
				CLANG_ENABLE_OBJC_ARC = YES;
				CLANG_ENABLE_OBJC_WEAK = YES;
				CLANG_WARN_BLOCK_CAPTURE_AUTORELEASING = YES;
				CLANG_WARN_BOOL_CONVERSION = YES;
				CLANG_WARN_COMMA = YES;
				CLANG_WARN_CONSTANT_CONVERSION = YES;
				CLANG_WARN_DEPRECATED_OBJC_IMPLEMENTATIONS = YES;
				CLANG_WARN_DIRECT_OBJC_ISA_USAGE = YES_ERROR;
				CLANG_WARN_DOCUMENTATION_COMMENTS = YES;
				CLANG_WARN_EMPTY_BODY = YES;
				CLANG_WARN_ENUM_CONVERSION = YES;
				CLANG_WARN_INFINITE_RECURSION = YES;
				CLANG_WARN_INT_CONVERSION = YES;
				CLANG_WARN_NON_LITERAL_NULL_CONVERSION = YES;
				CLANG_WARN_OBJC_IMPLICIT_RETAIN_SELF = YES;
				CLANG_WARN_OBJC_LITERAL_CONVERSION = YES;
				CLANG_WARN_OBJC_ROOT_CLASS = YES_ERROR;
				CLANG_WARN_QUOTED_INCLUDE_IN_FRAMEWORK_HEADER = YES;
				CLANG_WARN_RANGE_LOOP_ANALYSIS = YES;
				CLANG_WARN_STRICT_PROTOTYPES = YES;
				CLANG_WARN_SUSPICIOUS_MOVE = YES;
				CLANG_WARN_UNGUARDED_AVAILABILITY = YES_AGGRESSIVE;
				CLANG_WARN_UNREACHABLE_CODE = YES;
				CLANG_WARN__DUPLICATE_METHOD_MATCH = YES;
				COPY_PHASE_STRIP = NO;
				DEBUG_INFORMATION_FORMAT = dwarf;
				ENABLE_STRICT_OBJC_MSGSEND = YES;
				ENABLE_TESTABILITY = YES;
				ENABLE_USER_SCRIPT_SANDBOXING = YES;
				GCC_C_LANGUAGE_STANDARD = gnu17;
				GCC_DYNAMIC_NO_PIC = NO;
				GCC_NO_COMMON_BLOCKS = YES;
				GCC_OPTIMIZATION_LEVEL = 0;
				GCC_PREPROCESSOR_DEFINITIONS = (
					"DEBUG=1",
					"$(inherited)",
				);
				GCC_WARN_64_TO_32_BIT_CONVERSION = YES;
				GCC_WARN_ABOUT_RETURN_TYPE = YES_ERROR;
				GCC_WARN_UNDECLARED_SELECTOR = YES;
				GCC_WARN_UNINITIALIZED_AUTOS = YES_AGGRESSIVE;
				GCC_WARN_UNUSED_FUNCTION = YES;
				GCC_WARN_UNUSED_VARIABLE = YES;
				IPHONEOS_DEPLOYMENT_TARGET = 17.0;
				LOCALIZATION_PREFERS_STRING_CATALOGS = YES;
				MTL_ENABLE_DEBUG_INFO = INCLUDE_SOURCE;
				MTL_FAST_MATH = YES;
				ONLY_ACTIVE_ARCH = YES;
				SDKROOT = iphoneos;
				SWIFT_ACTIVE_COMPILATION_CONDITIONS = "DEBUG $(inherited)";
				SWIFT_OPTIMIZATION_LEVEL = "-Onone";
			};
			name = Debug;
		};
		07CEF25B2B623CDA00BF88BD /* Release */ = {
			isa = XCBuildConfiguration;
			buildSettings = {
				ALWAYS_SEARCH_USER_PATHS = NO;
				ASSETCATALOG_COMPILER_GENERATE_SWIFT_ASSET_SYMBOL_EXTENSIONS = YES;
				CLANG_ANALYZER_NONNULL = YES;
				CLANG_ANALYZER_NUMBER_OBJECT_CONVERSION = YES_AGGRESSIVE;
				CLANG_CXX_LANGUAGE_STANDARD = "gnu++20";
				CLANG_ENABLE_MODULES = YES;
				CLANG_ENABLE_OBJC_ARC = YES;
				CLANG_ENABLE_OBJC_WEAK = YES;
				CLANG_WARN_BLOCK_CAPTURE_AUTORELEASING = YES;
				CLANG_WARN_BOOL_CONVERSION = YES;
				CLANG_WARN_COMMA = YES;
				CLANG_WARN_CONSTANT_CONVERSION = YES;
				CLANG_WARN_DEPRECATED_OBJC_IMPLEMENTATIONS = YES;
				CLANG_WARN_DIRECT_OBJC_ISA_USAGE = YES_ERROR;
				CLANG_WARN_DOCUMENTATION_COMMENTS = YES;
				CLANG_WARN_EMPTY_BODY = YES;
				CLANG_WARN_ENUM_CONVERSION = YES;
				CLANG_WARN_INFINITE_RECURSION = YES;
				CLANG_WARN_INT_CONVERSION = YES;
				CLANG_WARN_NON_LITERAL_NULL_CONVERSION = YES;
				CLANG_WARN_OBJC_IMPLICIT_RETAIN_SELF = YES;
				CLANG_WARN_OBJC_LITERAL_CONVERSION = YES;
				CLANG_WARN_OBJC_ROOT_CLASS = YES_ERROR;
				CLANG_WARN_QUOTED_INCLUDE_IN_FRAMEWORK_HEADER = YES;
				CLANG_WARN_RANGE_LOOP_ANALYSIS = YES;
				CLANG_WARN_STRICT_PROTOTYPES = YES;
				CLANG_WARN_SUSPICIOUS_MOVE = YES;
				CLANG_WARN_UNGUARDED_AVAILABILITY = YES_AGGRESSIVE;
				CLANG_WARN_UNREACHABLE_CODE = YES;
				CLANG_WARN__DUPLICATE_METHOD_MATCH = YES;
				COPY_PHASE_STRIP = NO;
				DEBUG_INFORMATION_FORMAT = "dwarf-with-dsym";
				ENABLE_NS_ASSERTIONS = NO;
				ENABLE_STRICT_OBJC_MSGSEND = YES;
				ENABLE_USER_SCRIPT_SANDBOXING = YES;
				GCC_C_LANGUAGE_STANDARD = gnu17;
				GCC_NO_COMMON_BLOCKS = YES;
				GCC_WARN_64_TO_32_BIT_CONVERSION = YES;
				GCC_WARN_ABOUT_RETURN_TYPE = YES_ERROR;
				GCC_WARN_UNDECLARED_SELECTOR = YES;
				GCC_WARN_UNINITIALIZED_AUTOS = YES_AGGRESSIVE;
				GCC_WARN_UNUSED_FUNCTION = YES;
				GCC_WARN_UNUSED_VARIABLE = YES;
				IPHONEOS_DEPLOYMENT_TARGET = 17.0;
				LOCALIZATION_PREFERS_STRING_CATALOGS = YES;
				MTL_ENABLE_DEBUG_INFO = NO;
				MTL_FAST_MATH = YES;
				SDKROOT = iphoneos;
				SWIFT_COMPILATION_MODE = wholemodule;
				VALIDATE_PRODUCT = YES;
			};
			name = Release;
		};
		07CEF25D2B623CDA00BF88BD /* Debug */ = {
			isa = XCBuildConfiguration;
			buildSettings = {
				ASSETCATALOG_COMPILER_APPICON_NAME = AppIcon;
				ASSETCATALOG_COMPILER_GLOBAL_ACCENT_COLOR_NAME = AccentColor;
				CODE_SIGN_STYLE = Automatic;
				CURRENT_PROJECT_VERSION = 1;
				DEVELOPMENT_TEAM = LMKCFYYK23;
				GENERATE_INFOPLIST_FILE = YES;
				INFOPLIST_FILE = Pickreel/Resources/Info.plist;
				INFOPLIST_KEY_UIApplicationSupportsIndirectInputEvents = YES;
				INFOPLIST_KEY_UILaunchStoryboardName = LaunchScreen;
				INFOPLIST_KEY_UISupportedInterfaceOrientations = UIInterfaceOrientationPortrait;
				INFOPLIST_KEY_UISupportedInterfaceOrientations_iPad = "UIInterfaceOrientationLandscapeLeft UIInterfaceOrientationLandscapeRight UIInterfaceOrientationPortrait UIInterfaceOrientationPortraitUpsideDown";
				IPHONEOS_DEPLOYMENT_TARGET = 15.0;
				LD_RUNPATH_SEARCH_PATHS = (
					"$(inherited)",
					"@executable_path/Frameworks",
				);
				MARKETING_VERSION = 1.0;
				PRODUCT_BUNDLE_IDENTIFIER = "Usman-Mahmuthazhiev.Pickreel";
				PRODUCT_NAME = "$(TARGET_NAME)";
				SUPPORTED_PLATFORMS = "iphoneos iphonesimulator";
				SUPPORTS_MACCATALYST = NO;
				SUPPORTS_MAC_DESIGNED_FOR_IPHONE_IPAD = NO;
				SWIFT_EMIT_LOC_STRINGS = YES;
				SWIFT_VERSION = 5.0;
				TARGETED_DEVICE_FAMILY = 1;
			};
			name = Debug;
		};
		07CEF25E2B623CDA00BF88BD /* Release */ = {
			isa = XCBuildConfiguration;
			buildSettings = {
				ASSETCATALOG_COMPILER_APPICON_NAME = AppIcon;
				ASSETCATALOG_COMPILER_GLOBAL_ACCENT_COLOR_NAME = AccentColor;
				CODE_SIGN_STYLE = Automatic;
				CURRENT_PROJECT_VERSION = 1;
				DEVELOPMENT_TEAM = LMKCFYYK23;
				GENERATE_INFOPLIST_FILE = YES;
				INFOPLIST_FILE = Pickreel/Resources/Info.plist;
				INFOPLIST_KEY_UIApplicationSupportsIndirectInputEvents = YES;
				INFOPLIST_KEY_UILaunchStoryboardName = LaunchScreen;
				INFOPLIST_KEY_UISupportedInterfaceOrientations = UIInterfaceOrientationPortrait;
				INFOPLIST_KEY_UISupportedInterfaceOrientations_iPad = "UIInterfaceOrientationLandscapeLeft UIInterfaceOrientationLandscapeRight UIInterfaceOrientationPortrait UIInterfaceOrientationPortraitUpsideDown";
				IPHONEOS_DEPLOYMENT_TARGET = 15.0;
				LD_RUNPATH_SEARCH_PATHS = (
					"$(inherited)",
					"@executable_path/Frameworks",
				);
				MARKETING_VERSION = 1.0;
				PRODUCT_BUNDLE_IDENTIFIER = "Usman-Mahmuthazhiev.Pickreel";
				PRODUCT_NAME = "$(TARGET_NAME)";
				SUPPORTED_PLATFORMS = "iphoneos iphonesimulator";
				SUPPORTS_MACCATALYST = NO;
				SUPPORTS_MAC_DESIGNED_FOR_IPHONE_IPAD = NO;
				SWIFT_EMIT_LOC_STRINGS = YES;
				SWIFT_VERSION = 5.0;
				TARGETED_DEVICE_FAMILY = 1;
			};
			name = Release;
		};
/* End XCBuildConfiguration section */

/* Begin XCConfigurationList section */
		07CEF2432B623CD700BF88BD /* Build configuration list for PBXProject "Pickreel" */ = {
			isa = XCConfigurationList;
			buildConfigurations = (
				07CEF25A2B623CDA00BF88BD /* Debug */,
				07CEF25B2B623CDA00BF88BD /* Release */,
			);
			defaultConfigurationIsVisible = 0;
			defaultConfigurationName = Release;
		};
		07CEF25C2B623CDA00BF88BD /* Build configuration list for PBXNativeTarget "Pickreel" */ = {
			isa = XCConfigurationList;
			buildConfigurations = (
				07CEF25D2B623CDA00BF88BD /* Debug */,
				07CEF25E2B623CDA00BF88BD /* Release */,
			);
			defaultConfigurationIsVisible = 0;
			defaultConfigurationName = Release;
		};
/* End XCConfigurationList section */

/* Begin XCRemoteSwiftPackageReference section */
		07514A2F2B98C69C003449AF /* XCRemoteSwiftPackageReference "firebase-ios-sdk" */ = {
			isa = XCRemoteSwiftPackageReference;
			repositoryURL = "https://github.com/firebase/firebase-ios-sdk";
			requirement = {
				kind = upToNextMajorVersion;
				minimumVersion = 10.22.0;
			};
		};
		0797AAE12B91DD0400AF9E78 /* XCRemoteSwiftPackageReference "Shuffle" */ = {
			isa = XCRemoteSwiftPackageReference;
			repositoryURL = "https://github.com/mac-gallagher/Shuffle.git";
			requirement = {
				branch = master;
				kind = branch;
			};
		};
		07F6DD912B6C2A8B001F9DB3 /* XCRemoteSwiftPackageReference "MultiSlider" */ = {
			isa = XCRemoteSwiftPackageReference;
			repositoryURL = "https://github.com/yonat/MultiSlider";
			requirement = {
				kind = upToNextMajorVersion;
				minimumVersion = 2.1.2;
			};
		};
/* End XCRemoteSwiftPackageReference section */

/* Begin XCSwiftPackageProductDependency section */
		07514A3C2B98C69C003449AF /* FirebaseAuth */ = {
			isa = XCSwiftPackageProductDependency;
			package = 07514A2F2B98C69C003449AF /* XCRemoteSwiftPackageReference "firebase-ios-sdk" */;
			productName = FirebaseAuth;
		};
		07514A422B98C69C003449AF /* FirebaseDatabase */ = {
			isa = XCSwiftPackageProductDependency;
			package = 07514A2F2B98C69C003449AF /* XCRemoteSwiftPackageReference "firebase-ios-sdk" */;
			productName = FirebaseDatabase;
		};
		07514A482B98C69C003449AF /* FirebaseFirestore */ = {
			isa = XCSwiftPackageProductDependency;
			package = 07514A2F2B98C69C003449AF /* XCRemoteSwiftPackageReference "firebase-ios-sdk" */;
			productName = FirebaseFirestore;
		};
		07514A622B98C69D003449AF /* FirebaseStorage */ = {
			isa = XCSwiftPackageProductDependency;
			package = 07514A2F2B98C69C003449AF /* XCRemoteSwiftPackageReference "firebase-ios-sdk" */;
			productName = FirebaseStorage;
		};
		0760B85A2B9AE416006CFFF5 /* FirebaseFirestoreSwift */ = {
			isa = XCSwiftPackageProductDependency;
			package = 07514A2F2B98C69C003449AF /* XCRemoteSwiftPackageReference "firebase-ios-sdk" */;
			productName = FirebaseFirestoreSwift;
		};
		0797AAE22B91DD0400AF9E78 /* Shuffle */ = {
			isa = XCSwiftPackageProductDependency;
			package = 0797AAE12B91DD0400AF9E78 /* XCRemoteSwiftPackageReference "Shuffle" */;
			productName = Shuffle;
		};
		07F6DD922B6C2A8B001F9DB3 /* MultiSlider */ = {
			isa = XCSwiftPackageProductDependency;
			package = 07F6DD912B6C2A8B001F9DB3 /* XCRemoteSwiftPackageReference "MultiSlider" */;
			productName = MultiSlider;
		};
/* End XCSwiftPackageProductDependency section */
	};
	rootObject = 07CEF2402B623CD700BF88BD /* Project object */;
}
